
Microsoft Visual Studio Solution File, Format Version 12.00
# Visual Studio Version 17
VisualStudioVersion = 17.0.32014.148
MinimumVisualStudioVersion = 10.0.40219.1
Project("{8BC9CEB8-8B4A-11D0-8D11-00A0C91BC942}") = "Vaccine Tracking System", "Vaccine Tracking System.vcxproj", "{D6CE2910-02A1-4CCC-BAE5-787D66455076}"
EndProject
Global
	GlobalSection(SolutionConfigurationPlatforms) = preSolution
		Debug|x64 = Debug|x64
		Debug|x86 = Debug|x86
		Release|x64 = Release|x64
		Release|x86 = Release|x86
	EndGlobalSection
	GlobalSection(ProjectConfigurationPlatforms) = postSolution
		{D6CE2910-02A1-4CCC-BAE5-787D66455076}.Debug|x64.ActiveCfg = Debug|x64
		{D6CE2910-02A1-4CCC-BAE5-787D66455076}.Debug|x64.Build.0 = Debug|x64
		{D6CE2910-02A1-4CCC-BAE5-787D66455076}.Debug|x86.ActiveCfg = Debug|Win32
		{D6CE2910-02A1-4CCC-BAE5-787D66455076}.Debug|x86.Build.0 = Debug|Win32
		{D6CE2910-02A1-4CCC-BAE5-787D66455076}.Release|x64.ActiveCfg = Release|x64
		{D6CE2910-02A1-4CCC-BAE5-787D66455076}.Release|x64.Build.0 = Release|x64
		{D6CE2910-02A1-4CCC-BAE5-787D66455076}.Release|x86.ActiveCfg = Release|Win32
		{D6CE2910-02A1-4CCC-BAE5-787D66455076}.Release|x86.Build.0 = Release|Win32
	EndGlobalSection
	GlobalSection(SolutionProperties) = preSolution
		HideSolutionNode = FALSE
	EndGlobalSection
	GlobalSection(ExtensibilityGlobals) = postSolution
		SolutionGuid = {A2ED8396-8DC0-4609-9D97-6A3FB6A659C9}
	EndGlobalSection
EndGlobal
